PODS:
  - RxSwift (6.5.0)
  - Starscream (4.0.4)

DEPENDENCIES:
  - RxSwift
  - Starscream

SPEC REPOS:
  trunk:
    - RxSwift
    - Starscream

SPEC CHECKSUMS:
  RxSwift: 5710a9e6b17f3c3d6e40d6e559b9fa1e813b2ef8
  Starscream: 5178aed56b316f13fa3bc55694e583d35dd414d9

PODFILE CHECKSUM: 3125dc58d3876d74241a4e5dbf0098f7df1e90e8

COCOAPODS: 1.12.1
