// !$*UTF8*$!
{
	archiveVersion = 1;
	classes = {
	};
	objectVersion = 56;
	objects = {

/* Begin PBXBuildFile section */
		E509DCCA1912F21ACFD6B059 /* Pods_trading.framework in Frameworks */ = {isa = PBXBuildFile; fileRef = F14A8105F923D7E93884A7FC /* Pods_trading.framework */; };
		FAC8676E2AABA72A00C45C9B /* AppDelegate.swift in Sources */ = {isa = PBXBuildFile; fileRef = FAC8676D2AABA72A00C45C9B /* AppDelegate.swift */; };
		FAC867722AABA72A00C45C9B /* TableViewController.swift in Sources */ = {isa = PBXBuildFile; fileRef = FAC867712AABA72A00C45C9B /* TableViewController.swift */; };
		FAC867752AABA72A00C45C9B /* Main.storyboard in Resources */ = {isa = PBXBuildFile; fileRef = FAC867732AABA72A00C45C9B /* Main.storyboard */; };
		FAC867772AABA73400C45C9B /* Assets.xcassets in Resources */ = {isa = PBXBuildFile; fileRef = FAC867762AABA73400C45C9B /* Assets.xcassets */; };
		FAC8677A2AABA73400C45C9B /* LaunchScreen.storyboard in Resources */ = {isa = PBXBuildFile; fileRef = FAC867782AABA73400C45C9B /* LaunchScreen.storyboard */; };
		FAEF89202AACE3F60050C529 /* StockQuoteTableViewCell.swift in Sources */ = {isa = PBXBuildFile; fileRef = FAEF891F2AACE3F60050C529 /* StockQuoteTableViewCell.swift */; };
		FAEF89222AACE7B00050C529 /* StockQuoteModel.swift in Sources */ = {isa = PBXBuildFile; fileRef = FAEF89212AACE7B00050C529 /* StockQuoteModel.swift */; };
		FAEF89272AACFBB50050C529 /* ExtDouble.swift in Sources */ = {isa = PBXBuildFile; fileRef = FAEF89262AACFBB50050C529 /* ExtDouble.swift */; };
		FAEF892A2AACFF1F0050C529 /* MyColors.swift in Sources */ = {isa = PBXBuildFile; fileRef = FAEF89292AACFF1F0050C529 /* MyColors.swift */; };
		FAEF892D2AAD02D80050C529 /* Label.swift in Sources */ = {isa = PBXBuildFile; fileRef = FAEF892C2AAD02D80050C529 /* Label.swift */; };
		FAEF89342AADAD870050C529 /* StockQuotesListViewModel.swift in Sources */ = {isa = PBXBuildFile; fileRef = FAEF89332AADAD870050C529 /* StockQuotesListViewModel.swift */; };
		FAEF89372AADB72C0050C529 /* StockQuotesProvider.swift in Sources */ = {isa = PBXBuildFile; fileRef = FAEF89362AADB72C0050C529 /* StockQuotesProvider.swift */; };
		FAEF89392AADB7D40050C529 /* Constants.swift in Sources */ = {isa = PBXBuildFile; fileRef = FAEF89382AADB7D40050C529 /* Constants.swift */; };
		FAEF893F2AAE18080050C529 /* WebSocketProvider.swift in Sources */ = {isa = PBXBuildFile; fileRef = FAEF893D2AADCDF30050C529 /* WebSocketProvider.swift */; };
		FAEF89402AAE180A0050C529 /* SocketMessage.swift in Sources */ = {isa = PBXBuildFile; fileRef = FAEF893E2AADCDF60050C529 /* SocketMessage.swift */; };
		FAEF89422AAE1D0C0050C529 /* DateManager.swift in Sources */ = {isa = PBXBuildFile; fileRef = FAEF89412AAE1D0C0050C529 /* DateManager.swift */; };
		FAEF89452AAE25010050C529 /* ExtKeyedDecodingContainer.swift in Sources */ = {isa = PBXBuildFile; fileRef = FAEF89442AAE25010050C529 /* ExtKeyedDecodingContainer.swift */; };
/* End PBXBuildFile section */

/* Begin PBXFileReference section */
		2D1CBDCC0357093EA2039156 /* Pods-trading.release.xcconfig */ = {isa = PBXFileReference; includeInIndex = 1; lastKnownFileType = text.xcconfig; name = "Pods-trading.release.xcconfig"; path = "Target Support Files/Pods-trading/Pods-trading.release.xcconfig"; sourceTree = "<group>"; };
		4345AB1B1AA0F76FE1BA732F /* Pods-trading.debug.xcconfig */ = {isa = PBXFileReference; includeInIndex = 1; lastKnownFileType = text.xcconfig; name = "Pods-trading.debug.xcconfig"; path = "Target Support Files/Pods-trading/Pods-trading.debug.xcconfig"; sourceTree = "<group>"; };
		F14A8105F923D7E93884A7FC /* Pods_trading.framework */ = {isa = PBXFileReference; explicitFileType = wrapper.framework; includeInIndex = 0; path = Pods_trading.framework; sourceTree = BUILT_PRODUCTS_DIR; };
		FAC8676A2AABA72A00C45C9B /* trading.app */ = {isa = PBXFileReference; explicitFileType = wrapper.application; includeInIndex = 0; path = trading.app; sourceTree = BUILT_PRODUCTS_DIR; };
		FAC8676D2AABA72A00C45C9B /* AppDelegate.swift */ = {isa = PBXFileReference; lastKnownFileType = sourcecode.swift; path = AppDelegate.swift; sourceTree = "<group>"; };
		FAC867712AABA72A00C45C9B /* TableViewController.swift */ = {isa = PBXFileReference; lastKnownFileType = sourcecode.swift; path = TableViewController.swift; sourceTree = "<group>"; };
		FAC867742AABA72A00C45C9B /* Base */ = {isa = PBXFileReference; lastKnownFileType = file.storyboard; name = Base; path = Base.lproj/Main.storyboard; sourceTree = "<group>"; };
		FAC867762AABA73400C45C9B /* Assets.xcassets */ = {isa = PBXFileReference; lastKnownFileType = folder.assetcatalog; path = Assets.xcassets; sourceTree = "<group>"; };
		FAC867792AABA73400C45C9B /* Base */ = {isa = PBXFileReference; lastKnownFileType = file.storyboard; name = Base; path = Base.lproj/LaunchScreen.storyboard; sourceTree = "<group>"; };
		FAC8677B2AABA73400C45C9B /* Info.plist */ = {isa = PBXFileReference; lastKnownFileType = text.plist.xml; path = Info.plist; sourceTree = "<group>"; };
		FAEF891F2AACE3F60050C529 /* StockQuoteTableViewCell.swift */ = {isa = PBXFileReference; lastKnownFileType = sourcecode.swift; path = StockQuoteTableViewCell.swift; sourceTree = "<group>"; };
		FAEF89212AACE7B00050C529 /* StockQuoteModel.swift */ = {isa = PBXFileReference; lastKnownFileType = sourcecode.swift; path = StockQuoteModel.swift; sourceTree = "<group>"; };
		FAEF89262AACFBB50050C529 /* ExtDouble.swift */ = {isa = PBXFileReference; lastKnownFileType = sourcecode.swift; path = ExtDouble.swift; sourceTree = "<group>"; };
		FAEF89292AACFF1F0050C529 /* MyColors.swift */ = {isa = PBXFileReference; lastKnownFileType = sourcecode.swift; path = MyColors.swift; sourceTree = "<group>"; };
		FAEF892C2AAD02D80050C529 /* Label.swift */ = {isa = PBXFileReference; lastKnownFileType = sourcecode.swift; path = Label.swift; sourceTree = "<group>"; };
		FAEF89332AADAD870050C529 /* StockQuotesListViewModel.swift */ = {isa = PBXFileReference; lastKnownFileType = sourcecode.swift; path = StockQuotesListViewModel.swift; sourceTree = "<group>"; };
		FAEF89362AADB72C0050C529 /* StockQuotesProvider.swift */ = {isa = PBXFileReference; lastKnownFileType = sourcecode.swift; path = StockQuotesProvider.swift; sourceTree = "<group>"; };
		FAEF89382AADB7D40050C529 /* Constants.swift */ = {isa = PBXFileReference; lastKnownFileType = sourcecode.swift; path = Constants.swift; sourceTree = "<group>"; };
		FAEF893D2AADCDF30050C529 /* WebSocketProvider.swift */ = {isa = PBXFileReference; lastKnownFileType = sourcecode.swift; path = WebSocketProvider.swift; sourceTree = "<group>"; };
		FAEF893E2AADCDF60050C529 /* SocketMessage.swift */ = {isa = PBXFileReference; lastKnownFileType = sourcecode.swift; path = SocketMessage.swift; sourceTree = "<group>"; };
		FAEF89412AAE1D0C0050C529 /* DateManager.swift */ = {isa = PBXFileReference; lastKnownFileType = sourcecode.swift; path = DateManager.swift; sourceTree = "<group>"; };
		FAEF89442AAE25010050C529 /* ExtKeyedDecodingContainer.swift */ = {isa = PBXFileReference; lastKnownFileType = sourcecode.swift; path = ExtKeyedDecodingContainer.swift; sourceTree = "<group>"; };
/* End PBXFileReference section */

/* Begin PBXFrameworksBuildPhase section */
		FAC867672AABA72A00C45C9B /* Frameworks */ = {
			isa = PBXFrameworksBuildPhase;
			buildActionMask = 2147483647;
			files = (
				E509DCCA1912F21ACFD6B059 /* Pods_trading.framework in Frameworks */,
			);
			runOnlyForDeploymentPostprocessing = 0;
		};
/* End PBXFrameworksBuildPhase section */

/* Begin PBXGroup section */
		251181686F3658B78DC5D811 /* Frameworks */ = {
			isa = PBXGroup;
			children = (
				F14A8105F923D7E93884A7FC /* Pods_trading.framework */,
			);
			name = Frameworks;
			sourceTree = "<group>";
		};
		4243D3741E2818349DE2ECD1 /* Pods */ = {
			isa = PBXGroup;
			children = (
				4345AB1B1AA0F76FE1BA732F /* Pods-trading.debug.xcconfig */,
				2D1CBDCC0357093EA2039156 /* Pods-trading.release.xcconfig */,
			);
			path = Pods;
			sourceTree = "<group>";
		};
		FAC867612AABA72A00C45C9B = {
			isa = PBXGroup;
			children = (
				FAC8676C2AABA72A00C45C9B /* trading */,
				FAC8676B2AABA72A00C45C9B /* Products */,
				4243D3741E2818349DE2ECD1 /* Pods */,
				251181686F3658B78DC5D811 /* Frameworks */,
			);
			sourceTree = "<group>";
		};
		FAC8676B2AABA72A00C45C9B /* Products */ = {
			isa = PBXGroup;
			children = (
				FAC8676A2AABA72A00C45C9B /* trading.app */,
			);
			name = Products;
			sourceTree = "<group>";
		};
		FAC8676C2AABA72A00C45C9B /* trading */ = {
			isa = PBXGroup;
			children = (
				FAEF892F2AADAC470050C529 /* base */,
				FAEF89312AADACA10050C529 /* storyboadrs */,
				FAEF892E2AADAC3B0050C529 /* ui */,
				FAEF89322AADACC50050C529 /* models */,
				FAEF89432AAE1D170050C529 /* helpers */,
				FAEF892B2AAD02BF0050C529 /* layouts */,
				FAEF89352AADB6E90050C529 /* services */,
				FAEF893A2AADCD340050C529 /* socket */,
				FAEF89252AACFA450050C529 /* extensions */,
				FAEF89282AACFF0D0050C529 /* resources */,
				FAC867762AABA73400C45C9B /* Assets.xcassets */,
				FAC8677B2AABA73400C45C9B /* Info.plist */,
			);
			path = trading;
			sourceTree = "<group>";
		};
		FAEF89252AACFA450050C529 /* extensions */ = {
			isa = PBXGroup;
			children = (
				FAEF89262AACFBB50050C529 /* ExtDouble.swift */,
				FAEF89442AAE25010050C529 /* ExtKeyedDecodingContainer.swift */,
			);
			path = extensions;
			sourceTree = "<group>";
		};
		FAEF89282AACFF0D0050C529 /* resources */ = {
			isa = PBXGroup;
			children = (
				FAEF89292AACFF1F0050C529 /* MyColors.swift */,
			);
			path = resources;
			sourceTree = "<group>";
		};
		FAEF892B2AAD02BF0050C529 /* layouts */ = {
			isa = PBXGroup;
			children = (
				FAEF892C2AAD02D80050C529 /* Label.swift */,
			);
			path = layouts;
			sourceTree = "<group>";
		};
		FAEF892E2AADAC3B0050C529 /* ui */ = {
			isa = PBXGroup;
			children = (
				FAC867712AABA72A00C45C9B /* TableViewController.swift */,
				FAEF891F2AACE3F60050C529 /* StockQuoteTableViewCell.swift */,
				FAEF89332AADAD870050C529 /* StockQuotesListViewModel.swift */,
			);
			path = ui;
			sourceTree = "<group>";
		};
		FAEF892F2AADAC470050C529 /* base */ = {
			isa = PBXGroup;
			children = (
				FAC8676D2AABA72A00C45C9B /* AppDelegate.swift */,
				FAEF89382AADB7D40050C529 /* Constants.swift */,
			);
			path = base;
			sourceTree = "<group>";
		};
		FAEF89312AADACA10050C529 /* storyboadrs */ = {
			isa = PBXGroup;
			children = (
				FAC867782AABA73400C45C9B /* LaunchScreen.storyboard */,
				FAC867732AABA72A00C45C9B /* Main.storyboard */,
			);
			path = storyboadrs;
			sourceTree = "<group>";
		};
		FAEF89322AADACC50050C529 /* models */ = {
			isa = PBXGroup;
			children = (
				FAEF89212AACE7B00050C529 /* StockQuoteModel.swift */,
			);
			path = models;
			sourceTree = "<group>";
		};
		FAEF89352AADB6E90050C529 /* services */ = {
			isa = PBXGroup;
			children = (
				FAEF89362AADB72C0050C529 /* StockQuotesProvider.swift */,
			);
			path = services;
			sourceTree = "<group>";
		};
		FAEF893A2AADCD340050C529 /* socket */ = {
			isa = PBXGroup;
			children = (
				FAEF893D2AADCDF30050C529 /* WebSocketProvider.swift */,
				FAEF893E2AADCDF60050C529 /* SocketMessage.swift */,
			);
			path = socket;
			sourceTree = "<group>";
		};
		FAEF89432AAE1D170050C529 /* helpers */ = {
			isa = PBXGroup;
			children = (
				FAEF89412AAE1D0C0050C529 /* DateManager.swift */,
			);
			path = helpers;
			sourceTree = "<group>";
		};
/* End PBXGroup section */

/* Begin PBXNativeTarget section */
		FAC867692AABA72A00C45C9B /* trading */ = {
			isa = PBXNativeTarget;
			buildConfigurationList = FAC8677E2AABA73400C45C9B /* Build configuration list for PBXNativeTarget "trading" */;
			buildPhases = (
				E5507C83E21890C2421E94EB /* [CP] Check Pods Manifest.lock */,
				FAC867662AABA72A00C45C9B /* Sources */,
				FAC867672AABA72A00C45C9B /* Frameworks */,
				FAC867682AABA72A00C45C9B /* Resources */,
				130CCC711231ED11F31C8066 /* [CP] Embed Pods Frameworks */,
			);
			buildRules = (
			);
			dependencies = (
			);
			name = trading;
			productName = trading;
			productReference = FAC8676A2AABA72A00C45C9B /* trading.app */;
			productType = "com.apple.product-type.application";
		};
/* End PBXNativeTarget section */

/* Begin PBXProject section */
		FAC867622AABA72A00C45C9B /* Project object */ = {
			isa = PBXProject;
			attributes = {
				BuildIndependentTargetsInParallel = 1;
				LastSwiftUpdateCheck = 1430;
				LastUpgradeCheck = 1430;
				TargetAttributes = {
					FAC867692AABA72A00C45C9B = {
						CreatedOnToolsVersion = 14.3;
					};
				};
			};
			buildConfigurationList = FAC867652AABA72A00C45C9B /* Build configuration list for PBXProject "trading" */;
			compatibilityVersion = "Xcode 14.0";
			developmentRegion = en;
			hasScannedForEncodings = 0;
			knownRegions = (
				en,
				Base,
			);
			mainGroup = FAC867612AABA72A00C45C9B;
			productRefGroup = FAC8676B2AABA72A00C45C9B /* Products */;
			projectDirPath = "";
			projectRoot = "";
			targets = (
				FAC867692AABA72A00C45C9B /* trading */,
			);
		};
/* End PBXProject section */

/* Begin PBXResourcesBuildPhase section */
		FAC867682AABA72A00C45C9B /* Resources */ = {
			isa = PBXResourcesBuildPhase;
			buildActionMask = 2147483647;
			files = (
				FAC8677A2AABA73400C45C9B /* LaunchScreen.storyboard in Resources */,
				FAC867772AABA73400C45C9B /* Assets.xcassets in Resources */,
				FAC867752AABA72A00C45C9B /* Main.storyboard in Resources */,
			);
			runOnlyForDeploymentPostprocessing = 0;
		};
/* End PBXResourcesBuildPhase section */

/* Begin PBXShellScriptBuildPhase section */
		130CCC711231ED11F31C8066 /* [CP] Embed Pods Frameworks */ = {
			isa = PBXShellScriptBuildPhase;
			buildActionMask = 2147483647;
			files = (
			);
			inputFileListPaths = (
				"${PODS_ROOT}/Target Support Files/Pods-trading/Pods-trading-frameworks-${CONFIGURATION}-input-files.xcfilelist",
			);
			name = "[CP] Embed Pods Frameworks";
			outputFileListPaths = (
				"${PODS_ROOT}/Target Support Files/Pods-trading/Pods-trading-frameworks-${CONFIGURATION}-output-files.xcfilelist",
			);
			runOnlyForDeploymentPostprocessing = 0;
			shellPath = /bin/sh;
			shellScript = "\"${PODS_ROOT}/Target Support Files/Pods-trading/Pods-trading-frameworks.sh\"\n";
			showEnvVarsInLog = 0;
		};
		E5507C83E21890C2421E94EB /* [CP] Check Pods Manifest.lock */ = {
			isa = PBXShellScriptBuildPhase;
			buildActionMask = 2147483647;
			files = (
			);
			inputFileListPaths = (
			);
			inputPaths = (
				"${PODS_PODFILE_DIR_PATH}/Podfile.lock",
				"${PODS_ROOT}/Manifest.lock",
			);
			name = "[CP] Check Pods Manifest.lock";
			outputFileListPaths = (
			);
			outputPaths = (
				"$(DERIVED_FILE_DIR)/Pods-trading-checkManifestLockResult.txt",
			);
			runOnlyForDeploymentPostprocessing = 0;
			shellPath = /bin/sh;
			shellScript = "diff \"${PODS_PODFILE_DIR_PATH}/Podfile.lock\" \"${PODS_ROOT}/Manifest.lock\" > /dev/null\nif [ $? != 0 ] ; then\n    # print error to STDERR\n    echo \"error: The sandbox is not in sync with the Podfile.lock. Run 'pod install' or update your CocoaPods installation.\" >&2\n    exit 1\nfi\n# This output is used by Xcode 'outputs' to avoid re-running this script phase.\necho \"SUCCESS\" > \"${SCRIPT_OUTPUT_FILE_0}\"\n";
			showEnvVarsInLog = 0;
		};
/* End PBXShellScriptBuildPhase section */

/* Begin PBXSourcesBuildPhase section */
		FAC867662AABA72A00C45C9B /* Sources */ = {
			isa = PBXSourcesBuildPhase;
			buildActionMask = 2147483647;
			files = (
				FAEF893F2AAE18080050C529 /* WebSocketProvider.swift in Sources */,
				FAEF89422AAE1D0C0050C529 /* DateManager.swift in Sources */,
				FAEF89272AACFBB50050C529 /* ExtDouble.swift in Sources */,
				FAC867722AABA72A00C45C9B /* TableViewController.swift in Sources */,
				FAC8676E2AABA72A00C45C9B /* AppDelegate.swift in Sources */,
				FAEF89392AADB7D40050C529 /* Constants.swift in Sources */,
				FAEF892A2AACFF1F0050C529 /* MyColors.swift in Sources */,
				FAEF89372AADB72C0050C529 /* StockQuotesProvider.swift in Sources */,
				FAEF89202AACE3F60050C529 /* StockQuoteTableViewCell.swift in Sources */,
				FAEF892D2AAD02D80050C529 /* Label.swift in Sources */,
				FAEF89342AADAD870050C529 /* StockQuotesListViewModel.swift in Sources */,
				FAEF89452AAE25010050C529 /* ExtKeyedDecodingContainer.swift in Sources */,
				FAEF89402AAE180A0050C529 /* SocketMessage.swift in Sources */,
				FAEF89222AACE7B00050C529 /* StockQuoteModel.swift in Sources */,
			);
			runOnlyForDeploymentPostprocessing = 0;
		};
/* End PBXSourcesBuildPhase section */

/* Begin PBXVariantGroup section */
		FAC867732AABA72A00C45C9B /* Main.storyboard */ = {
			isa = PBXVariantGroup;
			children = (
				FAC867742AABA72A00C45C9B /* Base */,
			);
			name = Main.storyboard;
			sourceTree = "<group>";
		};
		FAC867782AABA73400C45C9B /* LaunchScreen.storyboard */ = {
			isa = PBXVariantGroup;
			children = (
				FAC867792AABA73400C45C9B /* Base */,
			);
			name = LaunchScreen.storyboard;
			sourceTree = "<group>";
		};
/* End PBXVariantGroup section */

/* Begin XCBuildConfiguration section */
		FAC8677C2AABA73400C45C9B /* Debug */ = {
			isa = XCBuildConfiguration;
			buildSettings = {
				ALWAYS_SEARCH_USER_PATHS = NO;
				CLANG_ANALYZER_NONNULL = YES;
				CLANG_ANALYZER_NUMBER_OBJECT_CONVERSION = YES_AGGRESSIVE;
				CLANG_CXX_LANGUAGE_STANDARD = "gnu++20";
				CLANG_ENABLE_MODULES = YES;
				CLANG_ENABLE_OBJC_ARC = YES;
				CLANG_ENABLE_OBJC_WEAK = YES;
				CLANG_WARN_BLOCK_CAPTURE_AUTORELEASING = YES;
				CLANG_WARN_BOOL_CONVERSION = YES;
				CLANG_WARN_COMMA = YES;
				CLANG_WARN_CONSTANT_CONVERSION = YES;
				CLANG_WARN_DEPRECATED_OBJC_IMPLEMENTATIONS = YES;
				CLANG_WARN_DIRECT_OBJC_ISA_USAGE = YES_ERROR;
				CLANG_WARN_DOCUMENTATION_COMMENTS = YES;
				CLANG_WARN_EMPTY_BODY = YES;
				CLANG_WARN_ENUM_CONVERSION = YES;
				CLANG_WARN_INFINITE_RECURSION = YES;
				CLANG_WARN_INT_CONVERSION = YES;
				CLANG_WARN_NON_LITERAL_NULL_CONVERSION = YES;
				CLANG_WARN_OBJC_IMPLICIT_RETAIN_SELF = YES;
				CLANG_WARN_OBJC_LITERAL_CONVERSION = YES;
				CLANG_WARN_OBJC_ROOT_CLASS = YES_ERROR;
				CLANG_WARN_QUOTED_INCLUDE_IN_FRAMEWORK_HEADER = YES;
				CLANG_WARN_RANGE_LOOP_ANALYSIS = YES;
				CLANG_WARN_STRICT_PROTOTYPES = YES;
				CLANG_WARN_SUSPICIOUS_MOVE = YES;
				CLANG_WARN_UNGUARDED_AVAILABILITY = YES_AGGRESSIVE;
				CLANG_WARN_UNREACHABLE_CODE = YES;
				CLANG_WARN__DUPLICATE_METHOD_MATCH = YES;
				COPY_PHASE_STRIP = NO;
				DEBUG_INFORMATION_FORMAT = dwarf;
				ENABLE_STRICT_OBJC_MSGSEND = YES;
				ENABLE_TESTABILITY = YES;
				GCC_C_LANGUAGE_STANDARD = gnu11;
				GCC_DYNAMIC_NO_PIC = NO;
				GCC_NO_COMMON_BLOCKS = YES;
				GCC_OPTIMIZATION_LEVEL = 0;
				GCC_PREPROCESSOR_DEFINITIONS = (
					"DEBUG=1",
					"$(inherited)",
				);
				GCC_WARN_64_TO_32_BIT_CONVERSION = YES;
				GCC_WARN_ABOUT_RETURN_TYPE = YES_ERROR;
				GCC_WARN_UNDECLARED_SELECTOR = YES;
				GCC_WARN_UNINITIALIZED_AUTOS = YES_AGGRESSIVE;
				GCC_WARN_UNUSED_FUNCTION = YES;
				GCC_WARN_UNUSED_VARIABLE = YES;
				IPHONEOS_DEPLOYMENT_TARGET = 11.0;
				MTL_ENABLE_DEBUG_INFO = INCLUDE_SOURCE;
				MTL_FAST_MATH = YES;
				ONLY_ACTIVE_ARCH = YES;
				SDKROOT = iphoneos;
				SWIFT_ACTIVE_COMPILATION_CONDITIONS = DEBUG;
				SWIFT_OPTIMIZATION_LEVEL = "-Onone";
			};
			name = Debug;
		};
		FAC8677D2AABA73400C45C9B /* Release */ = {
			isa = XCBuildConfiguration;
			buildSettings = {
				ALWAYS_SEARCH_USER_PATHS = NO;
				CLANG_ANALYZER_NONNULL = YES;
				CLANG_ANALYZER_NUMBER_OBJECT_CONVERSION = YES_AGGRESSIVE;
				CLANG_CXX_LANGUAGE_STANDARD = "gnu++20";
				CLANG_ENABLE_MODULES = YES;
				CLANG_ENABLE_OBJC_ARC = YES;
				CLANG_ENABLE_OBJC_WEAK = YES;
				CLANG_WARN_BLOCK_CAPTURE_AUTORELEASING = YES;
				CLANG_WARN_BOOL_CONVERSION = YES;
				CLANG_WARN_COMMA = YES;
				CLANG_WARN_CONSTANT_CONVERSION = YES;
				CLANG_WARN_DEPRECATED_OBJC_IMPLEMENTATIONS = YES;
				CLANG_WARN_DIRECT_OBJC_ISA_USAGE = YES_ERROR;
				CLANG_WARN_DOCUMENTATION_COMMENTS = YES;
				CLANG_WARN_EMPTY_BODY = YES;
				CLANG_WARN_ENUM_CONVERSION = YES;
				CLANG_WARN_INFINITE_RECURSION = YES;
				CLANG_WARN_INT_CONVERSION = YES;
				CLANG_WARN_NON_LITERAL_NULL_CONVERSION = YES;
				CLANG_WARN_OBJC_IMPLICIT_RETAIN_SELF = YES;
				CLANG_WARN_OBJC_LITERAL_CONVERSION = YES;
				CLANG_WARN_OBJC_ROOT_CLASS = YES_ERROR;
				CLANG_WARN_QUOTED_INCLUDE_IN_FRAMEWORK_HEADER = YES;
				CLANG_WARN_RANGE_LOOP_ANALYSIS = YES;
				CLANG_WARN_STRICT_PROTOTYPES = YES;
				CLANG_WARN_SUSPICIOUS_MOVE = YES;
				CLANG_WARN_UNGUARDED_AVAILABILITY = YES_AGGRESSIVE;
				CLANG_WARN_UNREACHABLE_CODE = YES;
				CLANG_WARN__DUPLICATE_METHOD_MATCH = YES;
				COPY_PHASE_STRIP = NO;
				DEBUG_INFORMATION_FORMAT = "dwarf-with-dsym";
				ENABLE_NS_ASSERTIONS = NO;
				ENABLE_STRICT_OBJC_MSGSEND = YES;
				GCC_C_LANGUAGE_STANDARD = gnu11;
				GCC_NO_COMMON_BLOCKS = YES;
				GCC_WARN_64_TO_32_BIT_CONVERSION = YES;
				GCC_WARN_ABOUT_RETURN_TYPE = YES_ERROR;
				GCC_WARN_UNDECLARED_SELECTOR = YES;
				GCC_WARN_UNINITIALIZED_AUTOS = YES_AGGRESSIVE;
				GCC_WARN_UNUSED_FUNCTION = YES;
				GCC_WARN_UNUSED_VARIABLE = YES;
				IPHONEOS_DEPLOYMENT_TARGET = 11.0;
				MTL_ENABLE_DEBUG_INFO = NO;
				MTL_FAST_MATH = YES;
				SDKROOT = iphoneos;
				SWIFT_COMPILATION_MODE = wholemodule;
				SWIFT_OPTIMIZATION_LEVEL = "-O";
				VALIDATE_PRODUCT = YES;
			};
			name = Release;
		};
		FAC8677F2AABA73400C45C9B /* Debug */ = {
			isa = XCBuildConfiguration;
			baseConfigurationReference = 4345AB1B1AA0F76FE1BA732F /* Pods-trading.debug.xcconfig */;
			buildSettings = {
				ASSETCATALOG_COMPILER_APPICON_NAME = AppIcon;
				ASSETCATALOG_COMPILER_GLOBAL_ACCENT_COLOR_NAME = AccentColor;
				CODE_SIGN_IDENTITY = "Apple Development";
				CODE_SIGN_STYLE = Automatic;
				CURRENT_PROJECT_VERSION = 1;
				DEVELOPMENT_TEAM = 94N48NBN66;
				GENERATE_INFOPLIST_FILE = YES;
				INFOPLIST_FILE = trading/Info.plist;
				INFOPLIST_KEY_CFBundleDisplayName = Trading;
				INFOPLIST_KEY_LSApplicationCategoryType = "public.app-category.business";
				INFOPLIST_KEY_UIApplicationSupportsIndirectInputEvents = YES;
				INFOPLIST_KEY_UILaunchStoryboardName = LaunchScreen.storyboard;
				INFOPLIST_KEY_UIMainStoryboardFile = Main;
				INFOPLIST_KEY_UISupportedInterfaceOrientations = UIInterfaceOrientationPortrait;
				LD_RUNPATH_SEARCH_PATHS = (
					"$(inherited)",
					"@executable_path/Frameworks",
				);
				MARKETING_VERSION = 1.0;
				PRODUCT_BUNDLE_IDENTIFIER = pro.avgrebenkin.trading;
				PRODUCT_NAME = "$(TARGET_NAME)";
				PROVISIONING_PROFILE_SPECIFIER = "";
				SWIFT_EMIT_LOC_STRINGS = YES;
				SWIFT_VERSION = 5.0;
				TARGETED_DEVICE_FAMILY = "1,2";
			};
			name = Debug;
		};
		FAC867802AABA73400C45C9B /* Release */ = {
			isa = XCBuildConfiguration;
			baseConfigurationReference = 2D1CBDCC0357093EA2039156 /* Pods-trading.release.xcconfig */;
			buildSettings = {
				ASSETCATALOG_COMPILER_APPICON_NAME = AppIcon;
				ASSETCATALOG_COMPILER_GLOBAL_ACCENT_COLOR_NAME = AccentColor;
				CODE_SIGN_IDENTITY = "Apple Development";
				CODE_SIGN_STYLE = Automatic;
				CURRENT_PROJECT_VERSION = 1;
				DEVELOPMENT_TEAM = 94N48NBN66;
				GENERATE_INFOPLIST_FILE = YES;
				INFOPLIST_FILE = trading/Info.plist;
				INFOPLIST_KEY_CFBundleDisplayName = Trading;
				INFOPLIST_KEY_LSApplicationCategoryType = "public.app-category.business";
				INFOPLIST_KEY_UIApplicationSupportsIndirectInputEvents = YES;
				INFOPLIST_KEY_UILaunchStoryboardName = LaunchScreen.storyboard;
				INFOPLIST_KEY_UIMainStoryboardFile = Main;
				INFOPLIST_KEY_UISupportedInterfaceOrientations = UIInterfaceOrientationPortrait;
				LD_RUNPATH_SEARCH_PATHS = (
					"$(inherited)",
					"@executable_path/Frameworks",
				);
				MARKETING_VERSION = 1.0;
				PRODUCT_BUNDLE_IDENTIFIER = pro.avgrebenkin.trading;
				PRODUCT_NAME = "$(TARGET_NAME)";
				PROVISIONING_PROFILE_SPECIFIER = "";
				SWIFT_EMIT_LOC_STRINGS = YES;
				SWIFT_VERSION = 5.0;
				TARGETED_DEVICE_FAMILY = "1,2";
			};
			name = Release;
		};
/* End XCBuildConfiguration section */

/* Begin XCConfigurationList section */
		FAC867652AABA72A00C45C9B /* Build configuration list for PBXProject "trading" */ = {
			isa = XCConfigurationList;
			buildConfigurations = (
				FAC8677C2AABA73400C45C9B /* Debug */,
				FAC8677D2AABA73400C45C9B /* Release */,
			);
			defaultConfigurationIsVisible = 0;
			defaultConfigurationName = Release;
		};
		FAC8677E2AABA73400C45C9B /* Build configuration list for PBXNativeTarget "trading" */ = {
			isa = XCConfigurationList;
			buildConfigurations = (
				FAC8677F2AABA73400C45C9B /* Debug */,
				FAC867802AABA73400C45C9B /* Release */,
			);
			defaultConfigurationIsVisible = 0;
			defaultConfigurationName = Release;
		};
/* End XCConfigurationList section */
	};
	rootObject = FAC867622AABA72A00C45C9B /* Project object */;
}
